#MicroXplorer Configuration settings - do not modify
#Wed Jan 28 12:24:36 CET 2015
Dma.Request0=SPI1_TX
Dma.RequestsNb=1
Dma.SPI1_TX.0.Direction=DMA_MEMORY_TO_PERIPH
Dma.SPI1_TX.0.Instance=DMA1_Channel3
Dma.SPI1_TX.0.MemDataAlignment=DMA_MDATAALIGN_BYTE
Dma.SPI1_TX.0.MemInc=DMA_MINC_ENABLE
Dma.SPI1_TX.0.Mode=DMA_NORMAL
Dma.SPI1_TX.0.PeriphDataAlignment=DMA_PDATAALIGN_BYTE
Dma.SPI1_TX.0.PeriphInc=DMA_PINC_DISABLE
Dma.SPI1_TX.0.Priority=DMA_PRIORITY_LOW
Dma.SPI1_TX.0.RequestParameters=Instance,Direction,PeriphInc,MemInc,PeriphDataAlignment,MemDataAlignment,Mode,Priority
File.Version=4
KeepUserPlacement=false
Mcu.Family=STM32F0
Mcu.IP0=DMA
Mcu.IP1=NVIC
Mcu.IP2=RCC
Mcu.IP3=SPI1
Mcu.IP4=SPI2
Mcu.IPNb=5
Mcu.Name=STM32F051C8Tx
Mcu.Package=LQFP48
Mcu.Pin0=PA4
Mcu.Pin1=PA5
Mcu.Pin10=PA15
Mcu.Pin11=PB4
Mcu.Pin12=PB5
Mcu.Pin2=PA6
Mcu.Pin3=PA7
Mcu.Pin4=PB0
Mcu.Pin5=PB1
Mcu.Pin6=PB13
Mcu.Pin7=PB14
Mcu.Pin8=PB15
Mcu.Pin9=PF7
Mcu.PinsNb=13
Mcu.UserName=STM32F051C8Tx
MxCube.Version=4.5.0
NVIC.DMA1_Channel2_3_IRQn=true\:0\:0\:false
NVIC.SPI2_IRQn=true\:0\:0\:false
NVIC.SysTick_IRQn=true\:0\:0\:false
PA15.Locked=true
PA15.Signal=GPIO_Input
PA4.GPIOParameters=GPIO_PuPd,GPIO_Label,GPIO_Mode
PA4.GPIO_Label=Spi1Nss
PA4.GPIO_Mode=GPIO_MODE_INPUT
PA4.GPIO_PuPd=GPIO_NOPULL
PA4.Locked=true
PA4.Signal=GPIO_Input
PA5.Mode=Full_Duplex_Master
PA5.Signal=SPI1_SCK
PA6.Mode=Full_Duplex_Master
PA6.Signal=SPI1_MISO
PA7.Mode=Full_Duplex_Master
PA7.Signal=SPI1_MOSI
PB0.Locked=true
PB0.Signal=GPIO_Output
PB1.Locked=true
PB1.Signal=GPIO_Output
PB13.Mode=Full_Duplex_Master
PB13.Signal=SPI2_SCK
PB14.Mode=Full_Duplex_Master
PB14.Signal=SPI2_MISO
PB15.Mode=Full_Duplex_Master
PB15.Signal=SPI2_MOSI
PB4.Locked=true
PB4.Signal=GPIO_Output
PB5.Locked=true
PB5.Signal=GPIO_Output
PCC.Family=STM32F0
PCC.MCU=STM32F051C8Tx
PCC.MXVersion=4.5.0
PCC.PartNumber=STM32F051C8Tx
PCC.Seq0=0
PCC.SubFamily=STM32F0x1
PCC.Temperature=25
PCC.Vdd=3.6
PF7.Locked=true
PF7.Signal=GPIO_Output
ProjectManager.AskForMigrate=true
ProjectManager.BackupPrevious=false
ProjectManager.CompilerOptimize=2
ProjectManager.ComputerToolchain=false
ProjectManager.CoupleFile=false
ProjectManager.DeletePrevious=true
ProjectManager.DeviceId=STM32F051C8Tx
ProjectManager.FirmwarePackage=STM32Cube FW_F0 V1.1.0
ProjectManager.FreePins=false
ProjectManager.HalAssertFull=false
ProjectManager.KeepUserCode=true
ProjectManager.LastFirmware=true
ProjectManager.LibraryCopy=0
ProjectManager.ProjectBuild=false
ProjectManager.ProjectFileName=Embedded_System.ioc
ProjectManager.ProjectName=Embedded_System
ProjectManager.TargetToolchain=MDK-ARM 4.73
RCC.AHBFreq_Value=48000000
RCC.APB1Freq_Value=48000000
RCC.APB1TimFreq_Value=48000000
RCC.CECFreq_Value=32786.88524590164
RCC.FCLKCortexFreq_Value=48000000
RCC.FamilyName=M
RCC.HCLKFreq_Value=48000000
RCC.HSICECFreq_Value=32786.88524590164
RCC.I2SFreq_Value=48000000
RCC.IPParameters=PLLMUL,FamilyName,PLLMCOFreq_Value,APB1TimFreq_Value,HCLKFreq_Value,I2SFreq_Value,FCLKCortexFreq_Value,HSICECFreq_Value,CECFreq_Value,AHBFreq_Value,TimSysFreq_Value,USART1Freq_Value,SYSCLKFreq_VALUE,SYSCLKSource,MCOFreq_Value,APB1Freq_Value,PLLCLKFreq_Value
RCC.MCOFreq_Value=48000000
RCC.PLLCLKFreq_Value=48000000
RCC.PLLMCOFreq_Value=24000000
RCC.PLLMUL=RCC_PLL_MUL12
RCC.SYSCLKFreq_VALUE=48000000
RCC.SYSCLKSource=RCC_SYSCLKSOURCE_PLLCLK
RCC.TimSysFreq_Value=6000000
RCC.USART1Freq_Value=48000000
SPI1.BaudRatePrescaler-Full_Duplex_Master=SPI_BAUDRATEPRESCALER_4
SPI1.CalculateBaudRate-Full_Duplex_Master=12.0 MBits/s
SPI1.DataSize-Full_Duplex_Master=SPI_DATASIZE_8BIT
SPI1.IPParameters=Mode-Full_Duplex_Master,BaudRatePrescaler-Full_Duplex_Master,CalculateBaudRate-Full_Duplex_Master,DataSize-Full_Duplex_Master
SPI1.Mode-Full_Duplex_Master=SPI_MODE_MASTER
SPI2.BaudRatePrescaler-Full_Duplex_Master=SPI_BAUDRATEPRESCALER_4
SPI2.CalculateBaudRate-Full_Duplex_Master=12.0 MBits/s
SPI2.DataSize-Full_Duplex_Master=SPI_DATASIZE_16BIT
SPI2.IPParameters=Mode-Full_Duplex_Master,BaudRatePrescaler-Full_Duplex_Master,CalculateBaudRate-Full_Duplex_Master,DataSize-Full_Duplex_Master
SPI2.Mode-Full_Duplex_Master=SPI_MODE_MASTER
